# This file is autogenerated, do not edit; changes may be undone by the next 'dep ensure'.


[[projects]]
  name = "github.com/davecgh/go-spew"
  packages = ["spew"]
  revision = "8991bc29aa16c548c550c7ff78260e27b9ab7c73"
  version = "v1.1.1"

[[projects]]
  branch = "master"
  name = "github.com/furstenheim/SimpleRTree"
  packages = ["."]
  revision = "eaf245b2d0d75ea67e14a643fa1bc6d53708c6db"

[[projects]]
  branch = "master"
  name = "github.com/furstenheim/go-convex-hull-2d"
  packages = ["."]
  revision = "7afa6a3e6918d3ba86e0b1369810bf9bed310f77"

[[projects]]
  branch = "master"
  name = "github.com/paulmach/go.geo"
  packages = [
    ".",
    "reducers"
  ]
  revision = "516b90fcfa56a87a1d1d7b8f307e8e5764a40ddb"
  source = "github.com/furstenheim/go.geo"

[[projects]]
  name = "github.com/paulmach/go.geojson"
  packages = ["."]
  revision = "a5c451da2d9c67c590ae6be92565b67698286a1a"
  version = "v1.4"

[[projects]]
  name = "github.com/pmezard/go-difflib"
  packages = ["difflib"]
  revision = "792786c7400a136282c1664665ae0a8db921c6c2"
  version = "v1.0.0"

[[projects]]
  name = "github.com/stretchr/testify"
  packages = ["assert"]
  revision = "f35b8ab0b5a2cef36673838d662e249dd9c94686"
  version = "v1.2.2"

[solve-meta]
  analyzer-name = "dep"
  analyzer-version = 1
  inputs-digest = "778f40daab31101f7efa94181b4fe4375d1f9138698dc50ec649a57f326fe99c"
  solver-name = "gps-cdcl"
  solver-version = 1
