# This file is autogenerated, do not edit; changes may be undone by the next 'dep ensure'.


[[projects]]
  branch = "master"
  name = "github.com/furstenheim/SimpleRTree"
  packages = ["."]
  revision = "66ed97338197ea9e68350b4673a6bbc6f893d512"

[[projects]]
  branch = "master"
  name = "github.com/furstenheim/go-convex-hull-2d"
  packages = ["."]
  revision = "5ef73da136386bf6ed909afa7851366190dc98e9"

[[projects]]
  branch = "master"
  name = "github.com/paulmach/go.geo"
  packages = [
    ".",
    "reducers"
  ]
  revision = "45618a99496bae45b4dac055081f00edff07cb4f"
  source = "github.com/furstenheim/go.geo"

[[projects]]
  name = "github.com/paulmach/go.geojson"
  packages = ["."]
  revision = "aa3713dea4327980f5891ac781c6f1a45ea75c0f"
  version = "v1.3.1"

[solve-meta]
  analyzer-name = "dep"
  analyzer-version = 1
  inputs-digest = "f331548530d9b2f565f0d8336518b81d1f8d5fe433078e22accd732168fd4935"
  solver-name = "gps-cdcl"
  solver-version = 1
